
Microsoft Visual Studio Solution File, Format Version 12.00
# Visual Studio Version 16
VisualStudioVersion = 16.0.31624.102
MinimumVisualStudioVersion = 10.0.40219.1
Project("{FAE04EC0-301F-11D3-BF4B-00C04F79EFBC}") = "UMLcoding", "UMLcoding\UMLcoding.csproj", "{9329FF4E-3B2D-41BB-8109-785EE3D605CB}"
EndProject
Global
	GlobalSection(SolutionConfigurationPlatforms) = preSolution
		Debug|Any CPU = Debug|Any CPU
		Release|Any CPU = Release|Any CPU
	EndGlobalSection
	GlobalSection(ProjectConfigurationPlatforms) = postSolution
		{9329FF4E-3B2D-41BB-8109-785EE3D605CB}.Debug|Any CPU.ActiveCfg = Debug|Any CPU
		{9329FF4E-3B2D-41BB-8109-785EE3D605CB}.Debug|Any CPU.Build.0 = Debug|Any CPU
		{9329FF4E-3B2D-41BB-8109-785EE3D605CB}.Release|Any CPU.ActiveCfg = Release|Any CPU
		{9329FF4E-3B2D-41BB-8109-785EE3D605CB}.Release|Any CPU.Build.0 = Release|Any CPU
	EndGlobalSection
	GlobalSection(SolutionProperties) = preSolution
		HideSolutionNode = FALSE
	EndGlobalSection
	GlobalSection(ExtensibilityGlobals) = postSolution
		SolutionGuid = {5EBBE332-E1F2-4D9D-BA85-D3EFA9A65321}
	EndGlobalSection
EndGlobal
